
Microsoft Visual Studio Solution File, Format Version 12.00
# Visual Studio Version 16
VisualStudioVersion = 16.0.30011.22
MinimumVisualStudioVersion = 10.0.40219.1
Project("{FAE04EC0-301F-11D3-BF4B-00C04F79EFBC}") = "Eszter_2020.05.11", "Eszter_2020.05.11\Eszter_2020.05.11.csproj", "{B7FC8217-006F-4256-A3DA-B9C8785BB5E4}"
EndProject
Global
	GlobalSection(SolutionConfigurationPlatforms) = preSolution
		Debug|Any CPU = Debug|Any CPU
		Release|Any CPU = Release|Any CPU
	EndGlobalSection
	GlobalSection(ProjectConfigurationPlatforms) = postSolution
		{B7FC8217-006F-4256-A3DA-B9C8785BB5E4}.Debug|Any CPU.ActiveCfg = Debug|Any CPU
		{B7FC8217-006F-4256-A3DA-B9C8785BB5E4}.Debug|Any CPU.Build.0 = Debug|Any CPU
		{B7FC8217-006F-4256-A3DA-B9C8785BB5E4}.Release|Any CPU.ActiveCfg = Release|Any CPU
		{B7FC8217-006F-4256-A3DA-B9C8785BB5E4}.Release|Any CPU.Build.0 = Release|Any CPU
	EndGlobalSection
	GlobalSection(SolutionProperties) = preSolution
		HideSolutionNode = FALSE
	EndGlobalSection
	GlobalSection(ExtensibilityGlobals) = postSolution
		SolutionGuid = {EAB320C2-ED2C-40EF-AB4C-3FB6D6F66E2E}
	EndGlobalSection
EndGlobal
